
Microsoft Visual Studio Solution File, Format Version 12.00
# Visual Studio Version 17
VisualStudioVersion = 17.9.34723.18
MinimumVisualStudioVersion = 10.0.40219.1
Project("{FAE04EC0-301F-11D3-BF4B-00C04F79EFBC}") = "RPG_Game", "RPG_Game\RPG_Game.csproj", "{244C4510-3CBF-4DE2-96E4-49B7393B7321}"
EndProject
Global
	GlobalSection(SolutionConfigurationPlatforms) = preSolution
		Debug|Any CPU = Debug|Any CPU
		Release|Any CPU = Release|Any CPU
	EndGlobalSection
	GlobalSection(ProjectConfigurationPlatforms) = postSolution
		{244C4510-3CBF-4DE2-96E4-49B7393B7321}.Debug|Any CPU.ActiveCfg = Debug|Any CPU
		{244C4510-3CBF-4DE2-96E4-49B7393B7321}.Debug|Any CPU.Build.0 = Debug|Any CPU
		{244C4510-3CBF-4DE2-96E4-49B7393B7321}.Release|Any CPU.ActiveCfg = Release|Any CPU
		{244C4510-3CBF-4DE2-96E4-49B7393B7321}.Release|Any CPU.Build.0 = Release|Any CPU
	EndGlobalSection
	GlobalSection(SolutionProperties) = preSolution
		HideSolutionNode = FALSE
	EndGlobalSection
	GlobalSection(ExtensibilityGlobals) = postSolution
		SolutionGuid = {28B4107F-B21C-4B3F-A73F-3817DC824EA1}
	EndGlobalSection
EndGlobal
